PODS:
  - FlutterMacOS (1.0.0)
  - quick_notify (0.0.1):
    - FlutterMacOS

DEPENDENCIES:
  - FlutterMacOS (from `Flutter/ephemeral`)
  - quick_notify (from `Flutter/ephemeral/.symlinks/plugins/quick_notify/macos`)

EXTERNAL SOURCES:
  FlutterMacOS:
    :path: Flutter/ephemeral
  quick_notify:
    :path: Flutter/ephemeral/.symlinks/plugins/quick_notify/macos

SPEC CHECKSUMS:
  FlutterMacOS: 57701585bf7de1b3fc2bb61f6378d73bbdea8424
  quick_notify: 4ba00e46c438d13dd82c6b95f6ab825c4acbfeaa

PODFILE CHECKSUM: 6eac6b3292e5142cfc23bdeb71848a40ec51c14c

COCOAPODS: 1.10.1
